
Microsoft Visual Studio Solution File, Format Version 12.00
# Visual Studio 15
VisualStudioVersion = 15.0.27130.2010
MinimumVisualStudioVersion = 10.0.40219.1
Project("{F2A71F9B-5D33-465A-A702-920D77279786}") = "Commander", "Commander\Commander.fsproj", "{DC147FAC-9BD9-40A5-8469-AC2A7019C279}"
	ProjectSection(ProjectDependencies) = postProject
		{0715F850-85F1-4CE5-82CD-48EDBBFD9035} = {0715F850-85F1-4CE5-82CD-48EDBBFD9035}
	EndProjectSection
EndProject
Project("{8BC9CEB8-8B4A-11D0-8D11-00A0C91BC942}") = "Hook", "Hook\Hook.vcxproj", "{0715F850-85F1-4CE5-82CD-48EDBBFD9035}"
EndProject
Global
	GlobalSection(SolutionConfigurationPlatforms) = preSolution
		Debug|Any CPU = Debug|Any CPU
		Debug|x64 = Debug|x64
		Debug|x86 = Debug|x86
		Release|Any CPU = Release|Any CPU
		Release|x64 = Release|x64
		Release|x86 = Release|x86
	EndGlobalSection
	GlobalSection(ProjectConfigurationPlatforms) = postSolution
		{DC147FAC-9BD9-40A5-8469-AC2A7019C279}.Debug|Any CPU.ActiveCfg = Debug|Any CPU
		{DC147FAC-9BD9-40A5-8469-AC2A7019C279}.Debug|Any CPU.Build.0 = Debug|Any CPU
		{DC147FAC-9BD9-40A5-8469-AC2A7019C279}.Debug|x64.ActiveCfg = Debug|Any CPU
		{DC147FAC-9BD9-40A5-8469-AC2A7019C279}.Debug|x64.Build.0 = Debug|Any CPU
		{DC147FAC-9BD9-40A5-8469-AC2A7019C279}.Debug|x86.ActiveCfg = Debug|Any CPU
		{DC147FAC-9BD9-40A5-8469-AC2A7019C279}.Debug|x86.Build.0 = Debug|Any CPU
		{DC147FAC-9BD9-40A5-8469-AC2A7019C279}.Release|Any CPU.ActiveCfg = Release|Any CPU
		{DC147FAC-9BD9-40A5-8469-AC2A7019C279}.Release|Any CPU.Build.0 = Release|Any CPU
		{DC147FAC-9BD9-40A5-8469-AC2A7019C279}.Release|x64.ActiveCfg = Release|Any CPU
		{DC147FAC-9BD9-40A5-8469-AC2A7019C279}.Release|x64.Build.0 = Release|Any CPU
		{DC147FAC-9BD9-40A5-8469-AC2A7019C279}.Release|x86.ActiveCfg = Release|Any CPU
		{DC147FAC-9BD9-40A5-8469-AC2A7019C279}.Release|x86.Build.0 = Release|Any CPU
		{0715F850-85F1-4CE5-82CD-48EDBBFD9035}.Debug|Any CPU.ActiveCfg = Debug|x64
		{0715F850-85F1-4CE5-82CD-48EDBBFD9035}.Debug|Any CPU.Build.0 = Debug|x64
		{0715F850-85F1-4CE5-82CD-48EDBBFD9035}.Debug|x64.ActiveCfg = Debug|x64
		{0715F850-85F1-4CE5-82CD-48EDBBFD9035}.Debug|x64.Build.0 = Debug|x64
		{0715F850-85F1-4CE5-82CD-48EDBBFD9035}.Debug|x86.ActiveCfg = Debug|Win32
		{0715F850-85F1-4CE5-82CD-48EDBBFD9035}.Debug|x86.Build.0 = Debug|Win32
		{0715F850-85F1-4CE5-82CD-48EDBBFD9035}.Release|Any CPU.ActiveCfg = Release|Win32
		{0715F850-85F1-4CE5-82CD-48EDBBFD9035}.Release|x64.ActiveCfg = Release|x64
		{0715F850-85F1-4CE5-82CD-48EDBBFD9035}.Release|x64.Build.0 = Release|x64
		{0715F850-85F1-4CE5-82CD-48EDBBFD9035}.Release|x86.ActiveCfg = Release|Win32
		{0715F850-85F1-4CE5-82CD-48EDBBFD9035}.Release|x86.Build.0 = Release|Win32
	EndGlobalSection
	GlobalSection(SolutionProperties) = preSolution
		HideSolutionNode = FALSE
	EndGlobalSection
	GlobalSection(ExtensibilityGlobals) = postSolution
		SolutionGuid = {26855998-FC60-453E-AA8E-6318F8551258}
	EndGlobalSection
EndGlobal
